// !$*UTF8*$!
{
	archiveVersion = 1;
	classes = {
	};
	objectVersion = 46;
	objects = {

/* Begin PBXBuildFile section */
		B57A115F1B267B7E00260E1D /* main.m in Sources */ = {isa = PBXBuildFile; fileRef = B57A115E1B267B7E00260E1D /* main.m */; };
		B57A11621B267B7E00260E1D /* AppDelegate.m in Sources */ = {isa = PBXBuildFile; fileRef = B57A11611B267B7E00260E1D /* AppDelegate.m */; };
		B57A11641B267B7E00260E1D /* Shader.fsh in Resources */ = {isa = PBXBuildFile; fileRef = B57A11631B267B7E00260E1D /* Shader.fsh */; };
		B57A11661B267B7E00260E1D /* Shader.vsh in Resources */ = {isa = PBXBuildFile; fileRef = B57A11651B267B7E00260E1D /* Shader.vsh */; };
		B57A11691B267B7E00260E1D /* GameViewController.m in Sources */ = {isa = PBXBuildFile; fileRef = B57A11681B267B7E00260E1D /* GameViewController.m */; };
		B57A116C1B267B7E00260E1D /* Main.storyboard in Resources */ = {isa = PBXBuildFile; fileRef = B57A116A1B267B7E00260E1D /* Main.storyboard */; };
		B57A116E1B267B7E00260E1D /* Images.xcassets in Resources */ = {isa = PBXBuildFile; fileRef = B57A116D1B267B7E00260E1D /* Images.xcassets */; };
		B57A11711B267B7E00260E1D /* LaunchScreen.xib in Resources */ = {isa = PBXBuildFile; fileRef = B57A116F1B267B7E00260E1D /* LaunchScreen.xib */; };
		B57A117D1B267B7E00260E1D /* UpDownTests.m in Sources */ = {isa = PBXBuildFile; fileRef = B57A117C1B267B7E00260E1D /* UpDownTests.m */; };
/* End PBXBuildFile section */

/* Begin PBXContainerItemProxy section */
		B57A11771B267B7E00260E1D /* PBXContainerItemProxy */ = {
			isa = PBXContainerItemProxy;
			containerPortal = B57A11511B267B7E00260E1D /* Project object */;
			proxyType = 1;
			remoteGlobalIDString = B57A11581B267B7E00260E1D;
			remoteInfo = UpDown;
		};
/* End PBXContainerItemProxy section */

/* Begin PBXFileReference section */
		B57A11591B267B7E00260E1D /* UpDown.app */ = {isa = PBXFileReference; explicitFileType = wrapper.application; includeInIndex = 0; path = UpDown.app; sourceTree = BUILT_PRODUCTS_DIR; };
		B57A115D1B267B7E00260E1D /* Info.plist */ = {isa = PBXFileReference; lastKnownFileType = text.plist.xml; path = Info.plist; sourceTree = "<group>"; };
		B57A115E1B267B7E00260E1D /* main.m */ = {isa = PBXFileReference; lastKnownFileType = sourcecode.c.objc; path = main.m; sourceTree = "<group>"; };
		B57A11601B267B7E00260E1D /* AppDelegate.h */ = {isa = PBXFileReference; lastKnownFileType = sourcecode.c.h; path = AppDelegate.h; sourceTree = "<group>"; };
		B57A11611B267B7E00260E1D /* AppDelegate.m */ = {isa = PBXFileReference; lastKnownFileType = sourcecode.c.objc; path = AppDelegate.m; sourceTree = "<group>"; };
		B57A11631B267B7E00260E1D /* Shader.fsh */ = {isa = PBXFileReference; lastKnownFileType = sourcecode.glsl; name = Shader.fsh; path = Shaders/Shader.fsh; sourceTree = "<group>"; };
		B57A11651B267B7E00260E1D /* Shader.vsh */ = {isa = PBXFileReference; lastKnownFileType = sourcecode.glsl; name = Shader.vsh; path = Shaders/Shader.vsh; sourceTree = "<group>"; };
		B57A11671B267B7E00260E1D /* GameViewController.h */ = {isa = PBXFileReference; lastKnownFileType = sourcecode.c.h; path = GameViewController.h; sourceTree = "<group>"; };
		B57A11681B267B7E00260E1D /* GameViewController.m */ = {isa = PBXFileReference; lastKnownFileType = sourcecode.c.objc; path = GameViewController.m; sourceTree = "<group>"; };
		B57A116B1B267B7E00260E1D /* Base */ = {isa = PBXFileReference; lastKnownFileType = file.storyboard; name = Base; path = Base.lproj/Main.storyboard; sourceTree = "<group>"; };
		B57A116D1B267B7E00260E1D /* Images.xcassets */ = {isa = PBXFileReference; lastKnownFileType = folder.assetcatalog; path = Images.xcassets; sourceTree = "<group>"; };
		B57A11701B267B7E00260E1D /* Base */ = {isa = PBXFileReference; lastKnownFileType = file.xib; name = Base; path = Base.lproj/LaunchScreen.xib; sourceTree = "<group>"; };
		B57A11761B267B7E00260E1D /* UpDownTests.xctest */ = {isa = PBXFileReference; explicitFileType = wrapper.cfbundle; includeInIndex = 0; path = UpDownTests.xctest; sourceTree = BUILT_PRODUCTS_DIR; };
		B57A117B1B267B7E00260E1D /* Info.plist */ = {isa = PBXFileReference; lastKnownFileType = text.plist.xml; path = Info.plist; sourceTree = "<group>"; };
		B57A117C1B267B7E00260E1D /* UpDownTests.m */ = {isa = PBXFileReference; lastKnownFileType = sourcecode.c.objc; path = UpDownTests.m; sourceTree = "<group>"; };
/* End PBXFileReference section */

/* Begin PBXFrameworksBuildPhase section */
		B57A11561B267B7E00260E1D /* Frameworks */ = {
			isa = PBXFrameworksBuildPhase;
			buildActionMask = 2147483647;
			files = (
			);
			runOnlyForDeploymentPostprocessing = 0;
		};
		B57A11731B267B7E00260E1D /* Frameworks */ = {
			isa = PBXFrameworksBuildPhase;
			buildActionMask = 2147483647;
			files = (
			);
			runOnlyForDeploymentPostprocessing = 0;
		};
/* End PBXFrameworksBuildPhase section */

/* Begin PBXGroup section */
		B57A11501B267B7E00260E1D = {
			isa = PBXGroup;
			children = (
				B57A115B1B267B7E00260E1D /* UpDown */,
				B57A11791B267B7E00260E1D /* UpDownTests */,
				B57A115A1B267B7E00260E1D /* Products */,
			);
			sourceTree = "<group>";
		};
		B57A115A1B267B7E00260E1D /* Products */ = {
			isa = PBXGroup;
			children = (
				B57A11591B267B7E00260E1D /* UpDown.app */,
				B57A11761B267B7E00260E1D /* UpDownTests.xctest */,
			);
			name = Products;
			sourceTree = "<group>";
		};
		B57A115B1B267B7E00260E1D /* UpDown */ = {
			isa = PBXGroup;
			children = (
				B57A11601B267B7E00260E1D /* AppDelegate.h */,
				B57A11611B267B7E00260E1D /* AppDelegate.m */,
				B57A11631B267B7E00260E1D /* Shader.fsh */,
				B57A11651B267B7E00260E1D /* Shader.vsh */,
				B57A11671B267B7E00260E1D /* GameViewController.h */,
				B57A11681B267B7E00260E1D /* GameViewController.m */,
				B57A116A1B267B7E00260E1D /* Main.storyboard */,
				B57A116D1B267B7E00260E1D /* Images.xcassets */,
				B57A116F1B267B7E00260E1D /* LaunchScreen.xib */,
				B57A115C1B267B7E00260E1D /* Supporting Files */,
			);
			path = UpDown;
			sourceTree = "<group>";
		};
		B57A115C1B267B7E00260E1D /* Supporting Files */ = {
			isa = PBXGroup;
			children = (
				B57A115D1B267B7E00260E1D /* Info.plist */,
				B57A115E1B267B7E00260E1D /* main.m */,
			);
			name = "Supporting Files";
			sourceTree = "<group>";
		};
		B57A11791B267B7E00260E1D /* UpDownTests */ = {
			isa = PBXGroup;
			children = (
				B57A117C1B267B7E00260E1D /* UpDownTests.m */,
				B57A117A1B267B7E00260E1D /* Supporting Files */,
			);
			path = UpDownTests;
			sourceTree = "<group>";
		};
		B57A117A1B267B7E00260E1D /* Supporting Files */ = {
			isa = PBXGroup;
			children = (
				B57A117B1B267B7E00260E1D /* Info.plist */,
			);
			name = "Supporting Files";
			sourceTree = "<group>";
		};
/* End PBXGroup section */

/* Begin PBXNativeTarget section */
		B57A11581B267B7E00260E1D /* UpDown */ = {
			isa = PBXNativeTarget;
			buildConfigurationList = B57A11801B267B7E00260E1D /* Build configuration list for PBXNativeTarget "UpDown" */;
			buildPhases = (
				B57A11551B267B7E00260E1D /* Sources */,
				B57A11561B267B7E00260E1D /* Frameworks */,
				B57A11571B267B7E00260E1D /* Resources */,
			);
			buildRules = (
			);
			dependencies = (
			);
			name = UpDown;
			productName = UpDown;
			productReference = B57A11591B267B7E00260E1D /* UpDown.app */;
			productType = "com.apple.product-type.application";
		};
		B57A11751B267B7E00260E1D /* UpDownTests */ = {
			isa = PBXNativeTarget;
			buildConfigurationList = B57A11831B267B7E00260E1D /* Build configuration list for PBXNativeTarget "UpDownTests" */;
			buildPhases = (
				B57A11721B267B7E00260E1D /* Sources */,
				B57A11731B267B7E00260E1D /* Frameworks */,
				B57A11741B267B7E00260E1D /* Resources */,
			);
			buildRules = (
			);
			dependencies = (
				B57A11781B267B7E00260E1D /* PBXTargetDependency */,
			);
			name = UpDownTests;
			productName = UpDownTests;
			productReference = B57A11761B267B7E00260E1D /* UpDownTests.xctest */;
			productType = "com.apple.product-type.bundle.unit-test";
		};
/* End PBXNativeTarget section */

/* Begin PBXProject section */
		B57A11511B267B7E00260E1D /* Project object */ = {
			isa = PBXProject;
			attributes = {
				LastUpgradeCheck = 0630;
				ORGANIZATIONNAME = "Benjamin Schoeggl";
				TargetAttributes = {
					B57A11581B267B7E00260E1D = {
						CreatedOnToolsVersion = 6.3.2;
					};
					B57A11751B267B7E00260E1D = {
						CreatedOnToolsVersion = 6.3.2;
						TestTargetID = B57A11581B267B7E00260E1D;
					};
				};
			};
			buildConfigurationList = B57A11541B267B7E00260E1D /* Build configuration list for PBXProject "UpDown" */;
			compatibilityVersion = "Xcode 3.2";
			developmentRegion = English;
			hasScannedForEncodings = 0;
			knownRegions = (
				en,
				Base,
			);
			mainGroup = B57A11501B267B7E00260E1D;
			productRefGroup = B57A115A1B267B7E00260E1D /* Products */;
			projectDirPath = "";
			projectRoot = "";
			targets = (
				B57A11581B267B7E00260E1D /* UpDown */,
				B57A11751B267B7E00260E1D /* UpDownTests */,
			);
		};
/* End PBXProject section */

/* Begin PBXResourcesBuildPhase section */
		B57A11571B267B7E00260E1D /* Resources */ = {
			isa = PBXResourcesBuildPhase;
			buildActionMask = 2147483647;
			files = (
				B57A11711B267B7E00260E1D /* LaunchScreen.xib in Resources */,
				B57A116C1B267B7E00260E1D /* Main.storyboard in Resources */,
				B57A116E1B267B7E00260E1D /* Images.xcassets in Resources */,
				B57A11661B267B7E00260E1D /* Shader.vsh in Resources */,
				B57A11641B267B7E00260E1D /* Shader.fsh in Resources */,
			);
			runOnlyForDeploymentPostprocessing = 0;
		};
		B57A11741B267B7E00260E1D /* Resources */ = {
			isa = PBXResourcesBuildPhase;
			buildActionMask = 2147483647;
			files = (
			);
			runOnlyForDeploymentPostprocessing = 0;
		};
/* End PBXResourcesBuildPhase section */

/* Begin PBXSourcesBuildPhase section */
		B57A11551B267B7E00260E1D /* Sources */ = {
			isa = PBXSourcesBuildPhase;
			buildActionMask = 2147483647;
			files = (
				B57A11621B267B7E00260E1D /* AppDelegate.m in Sources */,
				B57A11691B267B7E00260E1D /* GameViewController.m in Sources */,
				B57A115F1B267B7E00260E1D /* main.m in Sources */,
			);
			runOnlyForDeploymentPostprocessing = 0;
		};
		B57A11721B267B7E00260E1D /* Sources */ = {
			isa = PBXSourcesBuildPhase;
			buildActionMask = 2147483647;
			files = (
				B57A117D1B267B7E00260E1D /* UpDownTests.m in Sources */,
			);
			runOnlyForDeploymentPostprocessing = 0;
		};
/* End PBXSourcesBuildPhase section */

/* Begin PBXTargetDependency section */
		B57A11781B267B7E00260E1D /* PBXTargetDependency */ = {
			isa = PBXTargetDependency;
			target = B57A11581B267B7E00260E1D /* UpDown */;
			targetProxy = B57A11771B267B7E00260E1D /* PBXContainerItemProxy */;
		};
/* End PBXTargetDependency section */

/* Begin PBXVariantGroup section */
		B57A116A1B267B7E00260E1D /* Main.storyboard */ = {
			isa = PBXVariantGroup;
			children = (
				B57A116B1B267B7E00260E1D /* Base */,
			);
			name = Main.storyboard;
			sourceTree = "<group>";
		};
		B57A116F1B267B7E00260E1D /* LaunchScreen.xib */ = {
			isa = PBXVariantGroup;
			children = (
				B57A11701B267B7E00260E1D /* Base */,
			);
			name = LaunchScreen.xib;
			sourceTree = "<group>";
		};
/* End PBXVariantGroup section */

/* Begin XCBuildConfiguration section */
		B57A117E1B267B7E00260E1D /* Debug */ = {
			isa = XCBuildConfiguration;
			buildSettings = {
				ALWAYS_SEARCH_USER_PATHS = NO;
				CLANG_CXX_LANGUAGE_STANDARD = "gnu++0x";
				CLANG_CXX_LIBRARY = "libc++";
				CLANG_ENABLE_MODULES = YES;
				CLANG_ENABLE_OBJC_ARC = YES;
				CLANG_WARN_BOOL_CONVERSION = YES;
				CLANG_WARN_CONSTANT_CONVERSION = YES;
				CLANG_WARN_DIRECT_OBJC_ISA_USAGE = YES_ERROR;
				CLANG_WARN_EMPTY_BODY = YES;
				CLANG_WARN_ENUM_CONVERSION = YES;
				CLANG_WARN_INT_CONVERSION = YES;
				CLANG_WARN_OBJC_ROOT_CLASS = YES_ERROR;
				CLANG_WARN_UNREACHABLE_CODE = YES;
				CLANG_WARN__DUPLICATE_METHOD_MATCH = YES;
				"CODE_SIGN_IDENTITY[sdk=iphoneos*]" = "iPhone Developer";
				COPY_PHASE_STRIP = NO;
				DEBUG_INFORMATION_FORMAT = "dwarf-with-dsym";
				ENABLE_STRICT_OBJC_MSGSEND = YES;
				GCC_C_LANGUAGE_STANDARD = gnu99;
				GCC_DYNAMIC_NO_PIC = NO;
				GCC_NO_COMMON_BLOCKS = YES;
				GCC_OPTIMIZATION_LEVEL = 0;
				GCC_PREPROCESSOR_DEFINITIONS = (
					"DEBUG=1",
					"$(inherited)",
				);
				GCC_SYMBOLS_PRIVATE_EXTERN = NO;
				GCC_WARN_64_TO_32_BIT_CONVERSION = YES;
				GCC_WARN_ABOUT_RETURN_TYPE = YES_ERROR;
				GCC_WARN_UNDECLARED_SELECTOR = YES;
				GCC_WARN_UNINITIALIZED_AUTOS = YES_AGGRESSIVE;
				GCC_WARN_UNUSED_FUNCTION = YES;
				GCC_WARN_UNUSED_VARIABLE = YES;
				IPHONEOS_DEPLOYMENT_TARGET = 8.3;
				MTL_ENABLE_DEBUG_INFO = YES;
				ONLY_ACTIVE_ARCH = YES;
				SDKROOT = iphoneos;
				TARGETED_DEVICE_FAMILY = "1,2";
			};
			name = Debug;
		};
		B57A117F1B267B7E00260E1D /* Release */ = {
			isa = XCBuildConfiguration;
			buildSettings = {
				ALWAYS_SEARCH_USER_PATHS = NO;
				CLANG_CXX_LANGUAGE_STANDARD = "gnu++0x";
				CLANG_CXX_LIBRARY = "libc++";
				CLANG_ENABLE_MODULES = YES;
				CLANG_ENABLE_OBJC_ARC = YES;
				CLANG_WARN_BOOL_CONVERSION = YES;
				CLANG_WARN_CONSTANT_CONVERSION = YES;
				CLANG_WARN_DIRECT_OBJC_ISA_USAGE = YES_ERROR;
				CLANG_WARN_EMPTY_BODY = YES;
				CLANG_WARN_ENUM_CONVERSION = YES;
				CLANG_WARN_INT_CONVERSION = YES;
				CLANG_WARN_OBJC_ROOT_CLASS = YES_ERROR;
				CLANG_WARN_UNREACHABLE_CODE = YES;
				CLANG_WARN__DUPLICATE_METHOD_MATCH = YES;
				"CODE_SIGN_IDENTITY[sdk=iphoneos*]" = "iPhone Developer";
				COPY_PHASE_STRIP = NO;
				DEBUG_INFORMATION_FORMAT = "dwarf-with-dsym";
				ENABLE_NS_ASSERTIONS = NO;
				ENABLE_STRICT_OBJC_MSGSEND = YES;
				GCC_C_LANGUAGE_STANDARD = gnu99;
				GCC_NO_COMMON_BLOCKS = YES;
				GCC_WARN_64_TO_32_BIT_CONVERSION = YES;
				GCC_WARN_ABOUT_RETURN_TYPE = YES_ERROR;
				GCC_WARN_UNDECLARED_SELECTOR = YES;
				GCC_WARN_UNINITIALIZED_AUTOS = YES_AGGRESSIVE;
				GCC_WARN_UNUSED_FUNCTION = YES;
				GCC_WARN_UNUSED_VARIABLE = YES;
				IPHONEOS_DEPLOYMENT_TARGET = 8.3;
				MTL_ENABLE_DEBUG_INFO = NO;
				SDKROOT = iphoneos;
				TARGETED_DEVICE_FAMILY = "1,2";
				VALIDATE_PRODUCT = YES;
			};
			name = Release;
		};
		B57A11811B267B7E00260E1D /* Debug */ = {
			isa = XCBuildConfiguration;
			buildSettings = {
				ASSETCATALOG_COMPILER_APPICON_NAME = AppIcon;
				INFOPLIST_FILE = UpDown/Info.plist;
				LD_RUNPATH_SEARCH_PATHS = "$(inherited) @executable_path/Frameworks";
				PRODUCT_NAME = "$(TARGET_NAME)";
			};
			name = Debug;
		};
		B57A11821B267B7E00260E1D /* Release */ = {
			isa = XCBuildConfiguration;
			buildSettings = {
				ASSETCATALOG_COMPILER_APPICON_NAME = AppIcon;
				INFOPLIST_FILE = UpDown/Info.plist;
				LD_RUNPATH_SEARCH_PATHS = "$(inherited) @executable_path/Frameworks";
				PRODUCT_NAME = "$(TARGET_NAME)";
			};
			name = Release;
		};
		B57A11841B267B7E00260E1D /* Debug */ = {
			isa = XCBuildConfiguration;
			buildSettings = {
				BUNDLE_LOADER = "$(TEST_HOST)";
				FRAMEWORK_SEARCH_PATHS = (
					"$(SDKROOT)/Developer/Library/Frameworks",
					"$(inherited)",
				);
				GCC_PREPROCESSOR_DEFINITIONS = (
					"DEBUG=1",
					"$(inherited)",
				);
				INFOPLIST_FILE = UpDownTests/Info.plist;
				LD_RUNPATH_SEARCH_PATHS = "$(inherited) @executable_path/Frameworks @loader_path/Frameworks";
				PRODUCT_NAME = "$(TARGET_NAME)";
				TEST_HOST = "$(BUILT_PRODUCTS_DIR)/UpDown.app/UpDown";
			};
			name = Debug;
		};
		B57A11851B267B7E00260E1D /* Release */ = {
			isa = XCBuildConfiguration;
			buildSettings = {
				BUNDLE_LOADER = "$(TEST_HOST)";
				FRAMEWORK_SEARCH_PATHS = (
					"$(SDKROOT)/Developer/Library/Frameworks",
					"$(inherited)",
				);
				INFOPLIST_FILE = UpDownTests/Info.plist;
				LD_RUNPATH_SEARCH_PATHS = "$(inherited) @executable_path/Frameworks @loader_path/Frameworks";
				PRODUCT_NAME = "$(TARGET_NAME)";
				TEST_HOST = "$(BUILT_PRODUCTS_DIR)/UpDown.app/UpDown";
			};
			name = Release;
		};
/* End XCBuildConfiguration section */

/* Begin XCConfigurationList section */
		B57A11541B267B7E00260E1D /* Build configuration list for PBXProject "UpDown" */ = {
			isa = XCConfigurationList;
			buildConfigurations = (
				B57A117E1B267B7E00260E1D /* Debug */,
				B57A117F1B267B7E00260E1D /* Release */,
			);
			defaultConfigurationIsVisible = 0;
			defaultConfigurationName = Release;
		};
		B57A11801B267B7E00260E1D /* Build configuration list for PBXNativeTarget "UpDown" */ = {
			isa = XCConfigurationList;
			buildConfigurations = (
				B57A11811B267B7E00260E1D /* Debug */,
				B57A11821B267B7E00260E1D /* Release */,
			);
			defaultConfigurationIsVisible = 0;
		};
		B57A11831B267B7E00260E1D /* Build configuration list for PBXNativeTarget "UpDownTests" */ = {
			isa = XCConfigurationList;
			buildConfigurations = (
				B57A11841B267B7E00260E1D /* Debug */,
				B57A11851B267B7E00260E1D /* Release */,
			);
			defaultConfigurationIsVisible = 0;
		};
/* End XCConfigurationList section */
	};
	rootObject = B57A11511B267B7E00260E1D /* Project object */;
}
